
Microsoft Visual Studio Solution File, Format Version 12.00
# Visual Studio Version 17
VisualStudioVersion = 17.13.35818.85 d17.13
MinimumVisualStudioVersion = 10.0.40219.1
Project("{FAE04EC0-301F-11D3-BF4B-00C04F79EFBC}") = "IKEA.PL", "IKEA.PL\IKEA.PL.csproj", "{B2544FB2-2775-4E1D-9F6B-F09CCF4CD172}"
EndProject
Project("{FAE04EC0-301F-11D3-BF4B-00C04F79EFBC}") = "IKEA.BLL", "IKEA.BLL\IKEA.BLL.csproj", "{CA88845D-1A6F-4BAA-80E9-75E000D27036}"
EndProject
Project("{FAE04EC0-301F-11D3-BF4B-00C04F79EFBC}") = "IKEA.DAL", "IKEA.DAL\IKEA.DAL.csproj", "{96ED5A70-BEA5-4C39-B000-5891A8B1D5DD}"
EndProject
Global
	GlobalSection(SolutionConfigurationPlatforms) = preSolution
		Debug|Any CPU = Debug|Any CPU
		Release|Any CPU = Release|Any CPU
	EndGlobalSection
	GlobalSection(ProjectConfigurationPlatforms) = postSolution
		{B2544FB2-2775-4E1D-9F6B-F09CCF4CD172}.Debug|Any CPU.ActiveCfg = Debug|Any CPU
		{B2544FB2-2775-4E1D-9F6B-F09CCF4CD172}.Debug|Any CPU.Build.0 = Debug|Any CPU
		{B2544FB2-2775-4E1D-9F6B-F09CCF4CD172}.Release|Any CPU.ActiveCfg = Release|Any CPU
		{B2544FB2-2775-4E1D-9F6B-F09CCF4CD172}.Release|Any CPU.Build.0 = Release|Any CPU
		{CA88845D-1A6F-4BAA-80E9-75E000D27036}.Debug|Any CPU.ActiveCfg = Debug|Any CPU
		{CA88845D-1A6F-4BAA-80E9-75E000D27036}.Debug|Any CPU.Build.0 = Debug|Any CPU
		{CA88845D-1A6F-4BAA-80E9-75E000D27036}.Release|Any CPU.ActiveCfg = Release|Any CPU
		{CA88845D-1A6F-4BAA-80E9-75E000D27036}.Release|Any CPU.Build.0 = Release|Any CPU
		{96ED5A70-BEA5-4C39-B000-5891A8B1D5DD}.Debug|Any CPU.ActiveCfg = Debug|Any CPU
		{96ED5A70-BEA5-4C39-B000-5891A8B1D5DD}.Debug|Any CPU.Build.0 = Debug|Any CPU
		{96ED5A70-BEA5-4C39-B000-5891A8B1D5DD}.Release|Any CPU.ActiveCfg = Release|Any CPU
		{96ED5A70-BEA5-4C39-B000-5891A8B1D5DD}.Release|Any CPU.Build.0 = Release|Any CPU
	EndGlobalSection
	GlobalSection(SolutionProperties) = preSolution
		HideSolutionNode = FALSE
	EndGlobalSection
	GlobalSection(ExtensibilityGlobals) = postSolution
		SolutionGuid = {1F537757-8BC4-42DF-97B6-6D84D09DF2FE}
	EndGlobalSection
EndGlobal
